
Microsoft Visual Studio Solution File, Format Version 12.00
# Visual Studio 15
VisualStudioVersion = 15.0.28307.489
MinimumVisualStudioVersion = 10.0.40219.1
Project("{FAE04EC0-301F-11D3-BF4B-00C04F79EFBC}") = "SimpleAspNetCoreWebApplication", "SimpleAspNetCoreWebApplication\SimpleAspNetCoreWebApplication.csproj", "{EAC2195C-5E79-4588-8B00-7CB7C1DC3197}"
EndProject
Global
	GlobalSection(SolutionConfigurationPlatforms) = preSolution
		Debug|Any CPU = Debug|Any CPU
		Release|Any CPU = Release|Any CPU
	EndGlobalSection
	GlobalSection(ProjectConfigurationPlatforms) = postSolution
		{EAC2195C-5E79-4588-8B00-7CB7C1DC3197}.Debug|Any CPU.ActiveCfg = Debug|Any CPU
		{EAC2195C-5E79-4588-8B00-7CB7C1DC3197}.Debug|Any CPU.Build.0 = Debug|Any CPU
		{EAC2195C-5E79-4588-8B00-7CB7C1DC3197}.Release|Any CPU.ActiveCfg = Release|Any CPU
		{EAC2195C-5E79-4588-8B00-7CB7C1DC3197}.Release|Any CPU.Build.0 = Release|Any CPU
	EndGlobalSection
	GlobalSection(SolutionProperties) = preSolution
		HideSolutionNode = FALSE
	EndGlobalSection
	GlobalSection(ExtensibilityGlobals) = postSolution
		SolutionGuid = {1A4881B9-D85B-41CD-8D40-B20B8891ADCB}
	EndGlobalSection
EndGlobal
